<?xml version="1.0" encoding="utf-8"?>
<Project ToolsVersion="4.0" xmlns="http://schemas.microsoft.com/developer/msbuild/2003">
  <ItemGroup>
    <Filter Include="Resource">
      <UniqueIdentifier>{322e654d-a33f-4bcb-9e44-4031acf305db}</UniqueIdentifier>
    </Filter>
    <Filter Include="Code">
      <UniqueIdentifier>{bb0f24c7-2be7-4421-b1c6-ad148512453f}</UniqueIdentifier>
    </Filter>
    <Filter Include="Code\Scene">
      <UniqueIdentifier>{775239b0-dd10-4fee-871c-19db47f4ecd7}</UniqueIdentifier>
    </Filter>
    <Filter Include="Code\Obj">
      <UniqueIdentifier>{57c8ddd7-3457-4cbe-8641-a6b22601a5b9}</UniqueIdentifier>
    </Filter>
    <Filter Include="Code\Sprite">
      <UniqueIdentifier>{cd0836b2-267c-4c0e-8215-64afa8a7cdee}</UniqueIdentifier>
    </Filter>
  </ItemGroup>
  <ItemGroup>
    <ClCompile Include="Sample.cpp">
      <Filter>Code</Filter>
    </ClCompile>
    <ClCompile Include="KScene_Intro.cpp">
      <Filter>Code\Scene</Filter>
    </ClCompile>
    <ClCompile Include="KScene_Game_0.cpp">
      <Filter>Code\Scene</Filter>
    </ClCompile>
    <ClCompile Include="KSceneManager.cpp">
      <Filter>Code\Scene</Filter>
    </ClCompile>
    <ClCompile Include="KMapSpace.cpp">
      <Filter>Code\Obj</Filter>
    </ClCompile>
    <ClCompile Include="KNpc2D.cpp">
      <Filter>Code\Obj</Filter>
    </ClCompile>
    <ClCompile Include="KPlayer2D.cpp">
      <Filter>Code\Obj</Filter>
    </ClCompile>
    <ClCompile Include="KSpriteEffect.cpp">
      <Filter>Code\Sprite</Filter>
    </ClCompile>
    <ClCompile Include="KScene_Game_1.cpp">
      <Filter>Code\Scene</Filter>
    </ClCompile>
    <ClCompile Include="KScene_Combat.cpp">
      <Filter>Code\Scene</Filter>
    </ClCompile>
    <ClCompile Include="KPokemon.cpp">
      <Filter>Code\Obj</Filter>
    </ClCompile>
    <ClCompile Include="KCombat.cpp">
      <Filter>Code\Scene</Filter>
    </ClCompile>
    <ClCompile Include="KTriggerCollider.cpp">
      <Filter>Code\Obj</Filter>
    </ClCompile>
  </ItemGroup>
  <ItemGroup>
    <ClInclude Include="resource.h">
      <Filter>Resource</Filter>
    </ClInclude>
    <ClInclude Include="KMapSpace.h">
      <Filter>Code\Obj</Filter>
    </ClInclude>
    <ClInclude Include="KNpc2D.h">
      <Filter>Code\Obj</Filter>
    </ClInclude>
    <ClInclude Include="KPlayer2D.h">
      <Filter>Code\Obj</Filter>
    </ClInclude>
    <ClInclude Include="KScene_Game_0.h">
      <Filter>Code\Scene</Filter>
    </ClInclude>
    <ClInclude Include="KScene_Intro.h">
      <Filter>Code\Scene</Filter>
    </ClInclude>
    <ClInclude Include="KSceneManager.h">
      <Filter>Code\Scene</Filter>
    </ClInclude>
    <ClInclude Include="Sample.h">
      <Filter>Code</Filter>
    </ClInclude>
    <ClInclude Include="KSpriteEffect.h">
      <Filter>Code\Sprite</Filter>
    </ClInclude>
    <ClInclude Include="KScene_Game_1.h">
      <Filter>Code\Scene</Filter>
    </ClInclude>
    <ClInclude Include="KScene_Combat.h">
      <Filter>Code\Scene</Filter>
    </ClInclude>
    <ClInclude Include="KPokemon.h">
      <Filter>Code\Obj</Filter>
    </ClInclude>
    <ClInclude Include="KCombat.h">
      <Filter>Code\Scene</Filter>
    </ClInclude>
    <ClInclude Include="KCombatCalculator.h">
      <Filter>Code\Scene</Filter>
    </ClInclude>
    <ClInclude Include="KTriggerCollider.h">
      <Filter>Code\Obj</Filter>
    </ClInclude>
  </ItemGroup>
  <ItemGroup>
    <ResourceCompile Include="Sample_Input.rc">
      <Filter>Resource</Filter>
    </ResourceCompile>
  </ItemGroup>
  <ItemGroup>
    <Image Include="..\..\data\DD_ICON.ico">
      <Filter>Resource</Filter>
    </Image>
  </ItemGroup>
</Project>